
Microsoft Visual Studio Solution File, Format Version 12.00
# Visual Studio Version 16
VisualStudioVersion = 16.0.31112.23
MinimumVisualStudioVersion = 10.0.40219.1
Project("{FAE04EC0-301F-11D3-BF4B-00C04F79EFBC}") = "QuanLyPhongKham3", "QuanLyPhongKham3\QuanLyPhongKham3.csproj", "{A15788C0-FF51-48B4-9714-55AD98A60F50}"
EndProject
Global
	GlobalSection(SolutionConfigurationPlatforms) = preSolution
		Debug|Any CPU = Debug|Any CPU
		Release|Any CPU = Release|Any CPU
	EndGlobalSection
	GlobalSection(ProjectConfigurationPlatforms) = postSolution
		{A15788C0-FF51-48B4-9714-55AD98A60F50}.Debug|Any CPU.ActiveCfg = Debug|Any CPU
		{A15788C0-FF51-48B4-9714-55AD98A60F50}.Debug|Any CPU.Build.0 = Debug|Any CPU
		{A15788C0-FF51-48B4-9714-55AD98A60F50}.Release|Any CPU.ActiveCfg = Release|Any CPU
		{A15788C0-FF51-48B4-9714-55AD98A60F50}.Release|Any CPU.Build.0 = Release|Any CPU
	EndGlobalSection
	GlobalSection(SolutionProperties) = preSolution
		HideSolutionNode = FALSE
	EndGlobalSection
	GlobalSection(ExtensibilityGlobals) = postSolution
		SolutionGuid = {60CA346A-E956-48B8-8589-6577DD098648}
	EndGlobalSection
EndGlobal
